
Microsoft Visual Studio Solution File, Format Version 12.00
# Visual Studio 15
VisualStudioVersion = 15.0.27703.2042
MinimumVisualStudioVersion = 10.0.40219.1
Project("{FAE04EC0-301F-11D3-BF4B-00C04F79EFBC}") = "Rainbow.Xamarin.Wechat.Sdk.Droid", "Rainbow.Xamarin.Wechat.Sdk.Droid\Rainbow.Xamarin.Wechat.Sdk.Droid.csproj", "{61E3E9FB-57B5-4C4D-B923-1513E2F0473F}"
EndProject
Global
	GlobalSection(SolutionConfigurationPlatforms) = preSolution
		Debug|Any CPU = Debug|Any CPU
		Release|Any CPU = Release|Any CPU
	EndGlobalSection
	GlobalSection(ProjectConfigurationPlatforms) = postSolution
		{61E3E9FB-57B5-4C4D-B923-1513E2F0473F}.Debug|Any CPU.ActiveCfg = Debug|Any CPU
		{61E3E9FB-57B5-4C4D-B923-1513E2F0473F}.Debug|Any CPU.Build.0 = Debug|Any CPU
		{61E3E9FB-57B5-4C4D-B923-1513E2F0473F}.Release|Any CPU.ActiveCfg = Release|Any CPU
		{61E3E9FB-57B5-4C4D-B923-1513E2F0473F}.Release|Any CPU.Build.0 = Release|Any CPU
	EndGlobalSection
	GlobalSection(SolutionProperties) = preSolution
		HideSolutionNode = FALSE
	EndGlobalSection
	GlobalSection(ExtensibilityGlobals) = postSolution
		SolutionGuid = {D891AB45-FD98-4A8C-9F77-3C09BB70FBC2}
	EndGlobalSection
EndGlobal
